{
  "name": "react-ui-study",
  "version": "1.0.0",
  "lockfileVersion": 1,
  "requires": true,
  "dependencies": {
    "@tabler/icons": {
      "version": "1.38.1",
      "resolved": "https://registry.npmjs.org/@tabler/icons/-/icons-1.38.1.tgz",
      "integrity": "sha512-hWEsUwCKo2sdiDNUG74IHhDEUIz+f1Kq5kQ36BP8YiqVrNHTsblbL8vNj5n+KMqxzScF2mjqKJffRxqkvqnJNg=="
    }
  }
}
